
Microsoft Visual Studio Solution File, Format Version 12.00
# Visual Studio Version 17
VisualStudioVersion = 17.14.36414.22
MinimumVisualStudioVersion = 10.0.40219.1
Project("{FAE04EC0-301F-11D3-BF4B-00C04F79EFBC}") = "Semestralni prace vhdl", "Semestralni prace vhdl\Semestralni prace vhdl.csproj", "{6710AEA3-7608-4574-9FC7-49987FFF9942}"
EndProject
Project("{FAE04EC0-301F-11D3-BF4B-00C04F79EFBC}") = "DataEntity", "DataEntity\DataEntity.csproj", "{63B120AE-0F1D-47A4-8A6F-5CA68B4D30ED}"
EndProject
Global
	GlobalSection(SolutionConfigurationPlatforms) = preSolution
		Debug|Any CPU = Debug|Any CPU
		Release|Any CPU = Release|Any CPU
	EndGlobalSection
	GlobalSection(ProjectConfigurationPlatforms) = postSolution
		{6710AEA3-7608-4574-9FC7-49987FFF9942}.Debug|Any CPU.ActiveCfg = Debug|Any CPU
		{6710AEA3-7608-4574-9FC7-49987FFF9942}.Debug|Any CPU.Build.0 = Debug|Any CPU
		{6710AEA3-7608-4574-9FC7-49987FFF9942}.Release|Any CPU.ActiveCfg = Release|Any CPU
		{6710AEA3-7608-4574-9FC7-49987FFF9942}.Release|Any CPU.Build.0 = Release|Any CPU
		{63B120AE-0F1D-47A4-8A6F-5CA68B4D30ED}.Debug|Any CPU.ActiveCfg = Debug|Any CPU
		{63B120AE-0F1D-47A4-8A6F-5CA68B4D30ED}.Debug|Any CPU.Build.0 = Debug|Any CPU
		{63B120AE-0F1D-47A4-8A6F-5CA68B4D30ED}.Release|Any CPU.ActiveCfg = Release|Any CPU
		{63B120AE-0F1D-47A4-8A6F-5CA68B4D30ED}.Release|Any CPU.Build.0 = Release|Any CPU
	EndGlobalSection
	GlobalSection(SolutionProperties) = preSolution
		HideSolutionNode = FALSE
	EndGlobalSection
	GlobalSection(ExtensibilityGlobals) = postSolution
		SolutionGuid = {D3BFEF0C-2B87-404D-A7A2-74694B8A73FA}
	EndGlobalSection
EndGlobal
